
Microsoft Visual Studio Solution File, Format Version 12.00
# Visual Studio Version 17
VisualStudioVersion = 17.9.34728.123
MinimumVisualStudioVersion = 10.0.40219.1
Project("{9A19103F-16F7-4668-BE54-9A1E7A4F7556}") = "EJM-Silicon-Backoffice", "EJM-Silicon-Backoffice\EJM-Silicon-Backoffice\EJM-Silicon-Backoffice.csproj", "{573DBDD8-E04E-4236-B853-C4E19150A483}"
EndProject
Project("{9A19103F-16F7-4668-BE54-9A1E7A4F7556}") = "EJM-Silicon-Backoffice.Client", "EJM-Silicon-Backoffice\EJM-Silicon-Backoffice.Client\EJM-Silicon-Backoffice.Client.csproj", "{8AFF2257-D643-40F1-8E04-B0330B4D6CD5}"
EndProject
Global
	GlobalSection(SolutionConfigurationPlatforms) = preSolution
		Debug|Any CPU = Debug|Any CPU
		Release|Any CPU = Release|Any CPU
	EndGlobalSection
	GlobalSection(ProjectConfigurationPlatforms) = postSolution
		{573DBDD8-E04E-4236-B853-C4E19150A483}.Debug|Any CPU.ActiveCfg = Debug|Any CPU
		{573DBDD8-E04E-4236-B853-C4E19150A483}.Debug|Any CPU.Build.0 = Debug|Any CPU
		{573DBDD8-E04E-4236-B853-C4E19150A483}.Release|Any CPU.ActiveCfg = Release|Any CPU
		{573DBDD8-E04E-4236-B853-C4E19150A483}.Release|Any CPU.Build.0 = Release|Any CPU
		{8AFF2257-D643-40F1-8E04-B0330B4D6CD5}.Debug|Any CPU.ActiveCfg = Debug|Any CPU
		{8AFF2257-D643-40F1-8E04-B0330B4D6CD5}.Debug|Any CPU.Build.0 = Debug|Any CPU
		{8AFF2257-D643-40F1-8E04-B0330B4D6CD5}.Release|Any CPU.ActiveCfg = Release|Any CPU
		{8AFF2257-D643-40F1-8E04-B0330B4D6CD5}.Release|Any CPU.Build.0 = Release|Any CPU
	EndGlobalSection
	GlobalSection(SolutionProperties) = preSolution
		HideSolutionNode = FALSE
	EndGlobalSection
	GlobalSection(ExtensibilityGlobals) = postSolution
		SolutionGuid = {A212B05E-2FA9-4271-9A48-6AEAB5199311}
	EndGlobalSection
EndGlobal
